// !$*UTF8*$!
{
	archiveVersion = 1;
	classes = {
	};
	objectVersion = 77;
	objects = {

/* Begin PBXBuildFile section */
		028DB6758D8847C5EBD21D3C /* ScheduleFeatureTests.swift in Sources */ = {isa = PBXBuildFile; fileRef = 3C89B84763FF4CDE45B5A7D9 /* ScheduleFeatureTests.swift */; };
		0CC455D8CA174BBB060DE8ED /* CachedSnapshotModels.swift in Sources */ = {isa = PBXBuildFile; fileRef = BD58C5053B074511EA4E2608 /* CachedSnapshotModels.swift */; };
		0F6FD5C287B8974874D6F67E /* DepthEnvironment.swift in Sources */ = {isa = PBXBuildFile; fileRef = FCEB2197DF04D84335401768 /* DepthEnvironment.swift */; };
		16168662B8CF4E7B450CA34B /* ScheduleViewModel.swift in Sources */ = {isa = PBXBuildFile; fileRef = D8FC6EE7ED8FF20B422D809B /* ScheduleViewModel.swift */; };
		164B2254852E6C1428CD8181 /* PlayerDetailView.swift in Sources */ = {isa = PBXBuildFile; fileRef = C639766327FBE3B5E14D722F /* PlayerDetailView.swift */; };
		1710638BC3FA5FAD1EB88880 /* PlayerProfileTests.swift in Sources */ = {isa = PBXBuildFile; fileRef = 5E7327B7FE220C00C465A0C5 /* PlayerProfileTests.swift */; };
		1EAD5ECB38956C0395E81458 /* DepthChartFieldView.swift in Sources */ = {isa = PBXBuildFile; fileRef = B14888EF10F7F9A82139F0BD /* DepthChartFieldView.swift */; };
		28BE2E5939AE5607BB4CC133 /* Assets.xcassets in Resources */ = {isa = PBXBuildFile; fileRef = 4163276566B599870A6F754E /* Assets.xcassets */; };
		2B8FA98AF2CFBDE2514DF50E /* PlayerProfileViewModel.swift in Sources */ = {isa = PBXBuildFile; fileRef = 42A711DE2216F626464157F5 /* PlayerProfileViewModel.swift */; };
		2D9BA1094A1074B3FF3A9B9A /* UpdateGateViewModel.swift in Sources */ = {isa = PBXBuildFile; fileRef = 3EF23A4738905D53A9740E41 /* UpdateGateViewModel.swift */; };
		362F1B4B478C5684328409CA /* AuthSheet.swift in Sources */ = {isa = PBXBuildFile; fileRef = 12A1C43C94C87299E927B13F /* AuthSheet.swift */; };
		37AE06330C1CC70E67900031 /* PlayerSeasonStats.swift in Sources */ = {isa = PBXBuildFile; fileRef = BE10A985ED752B98C685C839 /* PlayerSeasonStats.swift */; };
		395710372FD0077DB2AF33D5 /* DepthRepository.swift in Sources */ = {isa = PBXBuildFile; fileRef = 47FCC4475C04D0057618A6FE /* DepthRepository.swift */; };
		3DF5F85D81A69F60999825AB /* FeaturedStarters.swift in Sources */ = {isa = PBXBuildFile; fileRef = 3B89B6B59045A4D78F932026 /* FeaturedStarters.swift */; };
		4C9A1C617022D0DB3F8125F1 /* ReadableText.swift in Sources */ = {isa = PBXBuildFile; fileRef = AB3BA3372BC4904E43F19F9A /* ReadableText.swift */; };
		4E18C9EB0333BA8628859332 /* HistoryFeatureTests.swift in Sources */ = {isa = PBXBuildFile; fileRef = D250B90FB2B6E6C1379C9B01 /* HistoryFeatureTests.swift */; };
		4FFF76CE7A865150A0929EF3 /* NativeAuthIntegrationTests.swift in Sources */ = {isa = PBXBuildFile; fileRef = 78EB3744AA605C27F09EC8EB /* NativeAuthIntegrationTests.swift */; };
		50BB531E17CF38D6FDF1C71D /* Supabase in Frameworks */ = {isa = PBXBuildFile; productRef = 0065E218A34DF99B5279CD03 /* Supabase */; };
		549264E5E1E69E023D91CD6A /* TeamSnapshotMapperTests.swift in Sources */ = {isa = PBXBuildFile; fileRef = 46B2552D4A053BA192766213 /* TeamSnapshotMapperTests.swift */; };
		5AB8FFDF7A29877D1E98EC94 /* SupabaseDepthRepository.swift in Sources */ = {isa = PBXBuildFile; fileRef = 324A96001AEB67B20E09794B /* SupabaseDepthRepository.swift */; };
		5B9538595A885E3D730A7A12 /* DepthUITests.swift in Sources */ = {isa = PBXBuildFile; fileRef = 1134BC81FF92C3AF1A114845 /* DepthUITests.swift */; };
		5DF288F4FE20EF2FEE2C3358 /* AuthAndSettingsTests.swift in Sources */ = {isa = PBXBuildFile; fileRef = E67531979ED38F349577206E /* AuthAndSettingsTests.swift */; };
		5ED6D7C11A5A64156BC6A2DF /* AuthFlowViewModel.swift in Sources */ = {isa = PBXBuildFile; fileRef = A7F3CD595D63F3FD0998CD65 /* AuthFlowViewModel.swift */; };
		603210A77A4D480A09C2F034 /* ShareCardView.swift in Sources */ = {isa = PBXBuildFile; fileRef = 2A8697D4C577F9758ACBA23D /* ShareCardView.swift */; };
		61C6B9BB1A508019064A6E8C /* PerformanceMetricsTests.swift in Sources */ = {isa = PBXBuildFile; fileRef = F629F1E1AD1252D01CF8F030 /* PerformanceMetricsTests.swift */; };
		64BB6EC2B752CD639C86321D /* DepthChartShareButton.swift in Sources */ = {isa = PBXBuildFile; fileRef = 922288D41A6979441CB8E2EF /* DepthChartShareButton.swift */; };
		66F6BBAF1B3D78957CB02C09 /* TeamSchedule.swift in Sources */ = {isa = PBXBuildFile; fileRef = BE03AF4D1E15ED94B758ADBE /* TeamSchedule.swift */; };
		6885D42C0072D1BB6A3C8A0E /* CachedSnapshotStore.swift in Sources */ = {isa = PBXBuildFile; fileRef = A0DE3824F1EEDE104DC7FDFB /* CachedSnapshotStore.swift */; };
		6906FAA57C5B9DC926729482 /* HistorySeasonSheet.swift in Sources */ = {isa = PBXBuildFile; fileRef = 64ECA11ED67DB4F54B0E5CCF /* HistorySeasonSheet.swift */; };
		690F6FC9B14F8370801A8F6B /* DepthOverrideService.swift in Sources */ = {isa = PBXBuildFile; fileRef = 718497F1FE3079352CB07880 /* DepthOverrideService.swift */; };
		6F9514F25DCF231B32CB5E66 /* ScheduleView.swift in Sources */ = {isa = PBXBuildFile; fileRef = 1F8DBF3EB4D70F6DF2E44420 /* ScheduleView.swift */; };
		72BB407EBD75889F652AA8F2 /* HistoricalRosterDTO.swift in Sources */ = {isa = PBXBuildFile; fileRef = 1121908B720F13534ED4C3EA /* HistoricalRosterDTO.swift */; };
		72F2A4F9ED2F188C0493D2FA /* DepthError.swift in Sources */ = {isa = PBXBuildFile; fileRef = A3FAC7E6A6D97F9DB462C939 /* DepthError.swift */; };
		79CBA961DD4279FF61E930E1 /* RecordingAppEventsRecorder.swift in Sources */ = {isa = PBXBuildFile; fileRef = 35C2DE91B6A232290671FD77 /* RecordingAppEventsRecorder.swift */; };
		7C5132BAE9E0A0D27086FBD3 /* FormationsParityTests.swift in Sources */ = {isa = PBXBuildFile; fileRef = C62ABB8FA352722CEF133910 /* FormationsParityTests.swift */; };
		7DBE8842FD1DEC8D017AABB1 /* ScheduleMapper.swift in Sources */ = {isa = PBXBuildFile; fileRef = AD908EA6E702771824EF1659 /* ScheduleMapper.swift */; };
		88BE6ACCCEDA76C1CBB97025 /* FixtureLoading.swift in Sources */ = {isa = PBXBuildFile; fileRef = 29F97862C18E5EAD7104430A /* FixtureLoading.swift */; };
		899F1EE1BC16BAD58D80C106 /* AppEventsTests.swift in Sources */ = {isa = PBXBuildFile; fileRef = A50B9DB06DE3CBD6B5F61C84 /* AppEventsTests.swift */; };
		8EEDDBFFF4D3D9EE186A3638 /* FormationSlot.swift in Sources */ = {isa = PBXBuildFile; fileRef = 541B596A222BBAA528EB2458 /* FormationSlot.swift */; };
		8F38AC4DC5380D3CD035AD20 /* ContentView.swift in Sources */ = {isa = PBXBuildFile; fileRef = E6CB4D73E208BE9903C44E15 /* ContentView.swift */; };
		91D7BD00C341BC0A1EEE88E8 /* OverrideEditorViewModel.swift in Sources */ = {isa = PBXBuildFile; fileRef = 51E315FD7379710252D46B96 /* OverrideEditorViewModel.swift */; };
		96EE9CC19DC42FC68DEB9F90 /* TeamListViewModel.swift in Sources */ = {isa = PBXBuildFile; fileRef = BBA198C4CAB3B2E7EFB862E6 /* TeamListViewModel.swift */; };
		9F60A5FF883ED001520157AC /* SettingsAboutAndTimestampTests.swift in Sources */ = {isa = PBXBuildFile; fileRef = E2B86BB6DD9B066ECA8E654F /* SettingsAboutAndTimestampTests.swift */; };
		A1E1EFE3A8781B7BA2758DB4 /* AuthUITests.swift in Sources */ = {isa = PBXBuildFile; fileRef = AFE9E3629D2A8EF20465A2F7 /* AuthUITests.swift */; };
		A33FB64445E73B74A1AA7011 /* DepthTests.swift in Sources */ = {isa = PBXBuildFile; fileRef = 7971C7A65ECC4B94913325CD /* DepthTests.swift */; };
		A5496CFB188C0EC7DE985548 /* Formations.swift in Sources */ = {isa = PBXBuildFile; fileRef = 12541806712112F37DAC99FC /* Formations.swift */; };
		A71200F26409705F92CA14E8 /* SupabaseRLSIntegrationTests.swift in Sources */ = {isa = PBXBuildFile; fileRef = 6552F9CA65DF43159FA618D0 /* SupabaseRLSIntegrationTests.swift */; };
		A76DE210A4F5A111AEA3C45C /* Team.swift in Sources */ = {isa = PBXBuildFile; fileRef = 48FA4E18037077277DE72192 /* Team.swift */; };
		A8BC97475680BFF262BD9ACB /* CachingDepthRepositoryTests.swift in Sources */ = {isa = PBXBuildFile; fileRef = ADAF14C6ADEF3A0B809897F9 /* CachingDepthRepositoryTests.swift */; };
		AC65C1250448AD4BFD7E7919 /* DepthApp.swift in Sources */ = {isa = PBXBuildFile; fileRef = 223FADA68FC13AD96EF5FB10 /* DepthApp.swift */; };
		B04373D05283099BC265E21C /* CachingDepthRepository.swift in Sources */ = {isa = PBXBuildFile; fileRef = 4F264CCAAD3DD2BD01CFF1D9 /* CachingDepthRepository.swift */; };
		B333D97107732F3B32800053 /* ScheduleDTO.swift in Sources */ = {isa = PBXBuildFile; fileRef = 67F2F20D10A0081AA2EF11B8 /* ScheduleDTO.swift */; };
		B3C56DFCE68E85A8095083C5 /* UserPreferences.swift in Sources */ = {isa = PBXBuildFile; fileRef = E1198A75270838E0A7F45ABE /* UserPreferences.swift */; };
		B7EC527E571B84DCDB819672 /* AppEventsRecorder.swift in Sources */ = {isa = PBXBuildFile; fileRef = E636B964C5DE055FDAD2CB44 /* AppEventsRecorder.swift */; };
		BA3E87A82A1E0D1528ECF9D5 /* Supabase in Frameworks */ = {isa = PBXBuildFile; productRef = 6BF366F7B2E5A4241AA22D27 /* Supabase */; };
		BC786357DAB17986863FF90E /* DepthSignposts.swift in Sources */ = {isa = PBXBuildFile; fileRef = A0F9DA82B880B33391B6E216 /* DepthSignposts.swift */; };
		BCA0AEE81DE806BB93DBCC24 /* ShareCardContentTests.swift in Sources */ = {isa = PBXBuildFile; fileRef = 32CF7D3E3A42BD02111EB0D6 /* ShareCardContentTests.swift */; };
		BDC16651BCF7C07924F4DEC1 /* AccountDeletionViewModel.swift in Sources */ = {isa = PBXBuildFile; fileRef = F9152627F4CAC783C2C1E5E6 /* AccountDeletionViewModel.swift */; };
		BED59061572203ADA429575F /* BlockingUpdateView.swift in Sources */ = {isa = PBXBuildFile; fileRef = 90067E10E437365481EFD0E3 /* BlockingUpdateView.swift */; };
		BF92CF2CE4CF9FE16C7E3CE6 /* SettingsView.swift in Sources */ = {isa = PBXBuildFile; fileRef = BC02FC1D8BC116C2D077870D /* SettingsView.swift */; };
		C11893E533C74A67E2CEA185 /* DepthAuthService.swift in Sources */ = {isa = PBXBuildFile; fileRef = C97FD1B3B972D4063D8A72A2 /* DepthAuthService.swift */; };
		C34BDFEA64ECB80BA1EE640C /* AppStoreScreenshotsUITests.swift in Sources */ = {isa = PBXBuildFile; fileRef = 69C97D21FFB3852484D4E4F2 /* AppStoreScreenshotsUITests.swift */; };
		C4492067A8E11B1C4E0FB199 /* OverrideEditorSheet.swift in Sources */ = {isa = PBXBuildFile; fileRef = 2825FB9CFC808C8C627FA025 /* OverrideEditorSheet.swift */; };
		C8CCEA1A7BCF1B48488ABFC3 /* AuthSessionStore.swift in Sources */ = {isa = PBXBuildFile; fileRef = E235B4DBA71FCAE9FC954FF4 /* AuthSessionStore.swift */; };
		CB4FD1096A9B377BFD07C517 /* PerformanceUITests.swift in Sources */ = {isa = PBXBuildFile; fileRef = 4C20C08065BC045F4A9C3C2D /* PerformanceUITests.swift */; };
		CF41F37C9326B8476CE36B8D /* Player.swift in Sources */ = {isa = PBXBuildFile; fileRef = FCDC4EF2FDB8D9CC070628C2 /* Player.swift */; };
		D028D091F525E2DDCA7ED6CD /* TeamDetailViewModel.swift in Sources */ = {isa = PBXBuildFile; fileRef = ED8C07254AA1A7D5B8F4DB53 /* TeamDetailViewModel.swift */; };
		D448FF5EA6F5184AD7517AA3 /* TeamSnapshotMapper.swift in Sources */ = {isa = PBXBuildFile; fileRef = 30A33C79C70F2F28FB91F680 /* TeamSnapshotMapper.swift */; };
		D693C9DD2EB4D028D38891D4 /* ShareUITests.swift in Sources */ = {isa = PBXBuildFile; fileRef = E147E349DAED0C3DFF5A965C /* ShareUITests.swift */; };
		D9183133755E8C0F9EE05612 /* AppBuildInfo.swift in Sources */ = {isa = PBXBuildFile; fileRef = 50938E38F00E79484F436B49 /* AppBuildInfo.swift */; };
		DC95DB2C72B7E87E9FE73999 /* AppConfig.swift in Sources */ = {isa = PBXBuildFile; fileRef = 025761971C890C088DEB466C /* AppConfig.swift */; };
		DEA6657C52F2D9ACB38F070D /* Position.swift in Sources */ = {isa = PBXBuildFile; fileRef = 9F022703396305729D075AA5 /* Position.swift */; };
		E867C4E09655C5AF25569C6B /* DataTimestampFormatting.swift in Sources */ = {isa = PBXBuildFile; fileRef = 8B19D86049171F706874AFF7 /* DataTimestampFormatting.swift */; };
		EA23E4310B915968F4523778 /* HistoricalRosterMapper.swift in Sources */ = {isa = PBXBuildFile; fileRef = D4B86644C1AB56B9F8C429F7 /* HistoricalRosterMapper.swift */; };
		EFF8B47F7B414593005AA116 /* HistoryViewModel.swift in Sources */ = {isa = PBXBuildFile; fileRef = 902F5629F8D437E89953B681 /* HistoryViewModel.swift */; };
		F24DC74F4E029AF45C2E80B7 /* TeamSnapshotDTO.swift in Sources */ = {isa = PBXBuildFile; fileRef = 7C4D96EE256B7056FA88238F /* TeamSnapshotDTO.swift */; };
		F73EBF610767D6026A6A9852 /* AccountDeletionSheet.swift in Sources */ = {isa = PBXBuildFile; fileRef = 750C8A0A5BB67EDAFD2A1A97 /* AccountDeletionSheet.swift */; };
		F9B69E26A9D64D62D14A4349 /* Roster.swift in Sources */ = {isa = PBXBuildFile; fileRef = 3757D55E58A34FC37F1E6C19 /* Roster.swift */; };
		FCB7419B6D19F100EBF99D11 /* TeamDetailView.swift in Sources */ = {isa = PBXBuildFile; fileRef = 16777E464D29CE02F612C8FD /* TeamDetailView.swift */; };
		FF338B862BDF1825AA91B360 /* TeamListView.swift in Sources */ = {isa = PBXBuildFile; fileRef = B8FF910E933BD5EBFA34FABB /* TeamListView.swift */; };
/* End PBXBuildFile section */

/* Begin PBXContainerItemProxy section */
		AC372591DA78777E025A736F /* PBXContainerItemProxy */ = {
			isa = PBXContainerItemProxy;
			containerPortal = 5027267F4AF2FB5351DCE99E /* Project object */;
			proxyType = 1;
			remoteGlobalIDString = BA5E1E94337F893173EEBC0A;
			remoteInfo = Depth;
		};
		C510B7FAB566C1529BE8061D /* PBXContainerItemProxy */ = {
			isa = PBXContainerItemProxy;
			containerPortal = 5027267F4AF2FB5351DCE99E /* Project object */;
			proxyType = 1;
			remoteGlobalIDString = BA5E1E94337F893173EEBC0A;
			remoteInfo = Depth;
		};
/* End PBXContainerItemProxy section */

/* Begin PBXFileReference section */
		025761971C890C088DEB466C /* AppConfig.swift */ = {isa = PBXFileReference; lastKnownFileType = sourcecode.swift; path = AppConfig.swift; sourceTree = "<group>"; };
		1121908B720F13534ED4C3EA /* HistoricalRosterDTO.swift */ = {isa = PBXFileReference; lastKnownFileType = sourcecode.swift; path = HistoricalRosterDTO.swift; sourceTree = "<group>"; };
		1134BC81FF92C3AF1A114845 /* DepthUITests.swift */ = {isa = PBXFileReference; lastKnownFileType = sourcecode.swift; path = DepthUITests.swift; sourceTree = "<group>"; };
		12541806712112F37DAC99FC /* Formations.swift */ = {isa = PBXFileReference; lastKnownFileType = sourcecode.swift; path = Formations.swift; sourceTree = "<group>"; };
		12A1C43C94C87299E927B13F /* AuthSheet.swift */ = {isa = PBXFileReference; lastKnownFileType = sourcecode.swift; path = AuthSheet.swift; sourceTree = "<group>"; };
		16777E464D29CE02F612C8FD /* TeamDetailView.swift */ = {isa = PBXFileReference; lastKnownFileType = sourcecode.swift; path = TeamDetailView.swift; sourceTree = "<group>"; };
		1F8DBF3EB4D70F6DF2E44420 /* ScheduleView.swift */ = {isa = PBXFileReference; lastKnownFileType = sourcecode.swift; path = ScheduleView.swift; sourceTree = "<group>"; };
		223FADA68FC13AD96EF5FB10 /* DepthApp.swift */ = {isa = PBXFileReference; lastKnownFileType = sourcecode.swift; path = DepthApp.swift; sourceTree = "<group>"; };
		2825FB9CFC808C8C627FA025 /* OverrideEditorSheet.swift */ = {isa = PBXFileReference; lastKnownFileType = sourcecode.swift; path = OverrideEditorSheet.swift; sourceTree = "<group>"; };
		29F97862C18E5EAD7104430A /* FixtureLoading.swift */ = {isa = PBXFileReference; lastKnownFileType = sourcecode.swift; path = FixtureLoading.swift; sourceTree = "<group>"; };
		2A8697D4C577F9758ACBA23D /* ShareCardView.swift */ = {isa = PBXFileReference; lastKnownFileType = sourcecode.swift; path = ShareCardView.swift; sourceTree = "<group>"; };
		30A33C79C70F2F28FB91F680 /* TeamSnapshotMapper.swift */ = {isa = PBXFileReference; lastKnownFileType = sourcecode.swift; path = TeamSnapshotMapper.swift; sourceTree = "<group>"; };
		324A96001AEB67B20E09794B /* SupabaseDepthRepository.swift */ = {isa = PBXFileReference; lastKnownFileType = sourcecode.swift; path = SupabaseDepthRepository.swift; sourceTree = "<group>"; };
		32CF7D3E3A42BD02111EB0D6 /* ShareCardContentTests.swift */ = {isa = PBXFileReference; lastKnownFileType = sourcecode.swift; path = ShareCardContentTests.swift; sourceTree = "<group>"; };
		35C2DE91B6A232290671FD77 /* RecordingAppEventsRecorder.swift */ = {isa = PBXFileReference; lastKnownFileType = sourcecode.swift; path = RecordingAppEventsRecorder.swift; sourceTree = "<group>"; };
		3757D55E58A34FC37F1E6C19 /* Roster.swift */ = {isa = PBXFileReference; lastKnownFileType = sourcecode.swift; path = Roster.swift; sourceTree = "<group>"; };
		3B89B6B59045A4D78F932026 /* FeaturedStarters.swift */ = {isa = PBXFileReference; lastKnownFileType = sourcecode.swift; path = FeaturedStarters.swift; sourceTree = "<group>"; };
		3C89B84763FF4CDE45B5A7D9 /* ScheduleFeatureTests.swift */ = {isa = PBXFileReference; lastKnownFileType = sourcecode.swift; path = ScheduleFeatureTests.swift; sourceTree = "<group>"; };
		3EF23A4738905D53A9740E41 /* UpdateGateViewModel.swift */ = {isa = PBXFileReference; lastKnownFileType = sourcecode.swift; path = UpdateGateViewModel.swift; sourceTree = "<group>"; };
		4163276566B599870A6F754E /* Assets.xcassets */ = {isa = PBXFileReference; lastKnownFileType = folder.assetcatalog; path = Assets.xcassets; sourceTree = "<group>"; };
		42A711DE2216F626464157F5 /* PlayerProfileViewModel.swift */ = {isa = PBXFileReference; lastKnownFileType = sourcecode.swift; path = PlayerProfileViewModel.swift; sourceTree = "<group>"; };
		46B2552D4A053BA192766213 /* TeamSnapshotMapperTests.swift */ = {isa = PBXFileReference; lastKnownFileType = sourcecode.swift; path = TeamSnapshotMapperTests.swift; sourceTree = "<group>"; };
		47FCC4475C04D0057618A6FE /* DepthRepository.swift */ = {isa = PBXFileReference; lastKnownFileType = sourcecode.swift; path = DepthRepository.swift; sourceTree = "<group>"; };
		48FA4E18037077277DE72192 /* Team.swift */ = {isa = PBXFileReference; lastKnownFileType = sourcecode.swift; path = Team.swift; sourceTree = "<group>"; };
		4C20C08065BC045F4A9C3C2D /* PerformanceUITests.swift */ = {isa = PBXFileReference; lastKnownFileType = sourcecode.swift; path = PerformanceUITests.swift; sourceTree = "<group>"; };
		4E08CA3C995029A6BAC0AB0E /* DepthUITests.xctest */ = {isa = PBXFileReference; includeInIndex = 0; lastKnownFileType = wrapper.cfbundle; path = DepthUITests.xctest; sourceTree = BUILT_PRODUCTS_DIR; };
		4F264CCAAD3DD2BD01CFF1D9 /* CachingDepthRepository.swift */ = {isa = PBXFileReference; lastKnownFileType = sourcecode.swift; path = CachingDepthRepository.swift; sourceTree = "<group>"; };
		50938E38F00E79484F436B49 /* AppBuildInfo.swift */ = {isa = PBXFileReference; lastKnownFileType = sourcecode.swift; path = AppBuildInfo.swift; sourceTree = "<group>"; };
		51E315FD7379710252D46B96 /* OverrideEditorViewModel.swift */ = {isa = PBXFileReference; lastKnownFileType = sourcecode.swift; path = OverrideEditorViewModel.swift; sourceTree = "<group>"; };
		541B596A222BBAA528EB2458 /* FormationSlot.swift */ = {isa = PBXFileReference; lastKnownFileType = sourcecode.swift; path = FormationSlot.swift; sourceTree = "<group>"; };
		5E7327B7FE220C00C465A0C5 /* PlayerProfileTests.swift */ = {isa = PBXFileReference; lastKnownFileType = sourcecode.swift; path = PlayerProfileTests.swift; sourceTree = "<group>"; };
		64ECA11ED67DB4F54B0E5CCF /* HistorySeasonSheet.swift */ = {isa = PBXFileReference; lastKnownFileType = sourcecode.swift; path = HistorySeasonSheet.swift; sourceTree = "<group>"; };
		6552F9CA65DF43159FA618D0 /* SupabaseRLSIntegrationTests.swift */ = {isa = PBXFileReference; lastKnownFileType = sourcecode.swift; path = SupabaseRLSIntegrationTests.swift; sourceTree = "<group>"; };
		67F2F20D10A0081AA2EF11B8 /* ScheduleDTO.swift */ = {isa = PBXFileReference; lastKnownFileType = sourcecode.swift; path = ScheduleDTO.swift; sourceTree = "<group>"; };
		69C97D21FFB3852484D4E4F2 /* AppStoreScreenshotsUITests.swift */ = {isa = PBXFileReference; lastKnownFileType = sourcecode.swift; path = AppStoreScreenshotsUITests.swift; sourceTree = "<group>"; };
		718497F1FE3079352CB07880 /* DepthOverrideService.swift */ = {isa = PBXFileReference; lastKnownFileType = sourcecode.swift; path = DepthOverrideService.swift; sourceTree = "<group>"; };
		750C8A0A5BB67EDAFD2A1A97 /* AccountDeletionSheet.swift */ = {isa = PBXFileReference; lastKnownFileType = sourcecode.swift; path = AccountDeletionSheet.swift; sourceTree = "<group>"; };
		7518E7BCF106B235BF6CB349 /* Debug.xcconfig */ = {isa = PBXFileReference; lastKnownFileType = text.xcconfig; path = Debug.xcconfig; sourceTree = "<group>"; };
		78EB3744AA605C27F09EC8EB /* NativeAuthIntegrationTests.swift */ = {isa = PBXFileReference; lastKnownFileType = sourcecode.swift; path = NativeAuthIntegrationTests.swift; sourceTree = "<group>"; };
		7971C7A65ECC4B94913325CD /* DepthTests.swift */ = {isa = PBXFileReference; lastKnownFileType = sourcecode.swift; path = DepthTests.swift; sourceTree = "<group>"; };
		7C4D96EE256B7056FA88238F /* TeamSnapshotDTO.swift */ = {isa = PBXFileReference; lastKnownFileType = sourcecode.swift; path = TeamSnapshotDTO.swift; sourceTree = "<group>"; };
		88314A701F47D93C3F85CFC9 /* Staging.xcconfig */ = {isa = PBXFileReference; lastKnownFileType = text.xcconfig; path = Staging.xcconfig; sourceTree = "<group>"; };
		8B19D86049171F706874AFF7 /* DataTimestampFormatting.swift */ = {isa = PBXFileReference; lastKnownFileType = sourcecode.swift; path = DataTimestampFormatting.swift; sourceTree = "<group>"; };
		90067E10E437365481EFD0E3 /* BlockingUpdateView.swift */ = {isa = PBXFileReference; lastKnownFileType = sourcecode.swift; path = BlockingUpdateView.swift; sourceTree = "<group>"; };
		902F5629F8D437E89953B681 /* HistoryViewModel.swift */ = {isa = PBXFileReference; lastKnownFileType = sourcecode.swift; path = HistoryViewModel.swift; sourceTree = "<group>"; };
		922288D41A6979441CB8E2EF /* DepthChartShareButton.swift */ = {isa = PBXFileReference; lastKnownFileType = sourcecode.swift; path = DepthChartShareButton.swift; sourceTree = "<group>"; };
		9F022703396305729D075AA5 /* Position.swift */ = {isa = PBXFileReference; lastKnownFileType = sourcecode.swift; path = Position.swift; sourceTree = "<group>"; };
		A0DE3824F1EEDE104DC7FDFB /* CachedSnapshotStore.swift */ = {isa = PBXFileReference; lastKnownFileType = sourcecode.swift; path = CachedSnapshotStore.swift; sourceTree = "<group>"; };
		A0F9DA82B880B33391B6E216 /* DepthSignposts.swift */ = {isa = PBXFileReference; lastKnownFileType = sourcecode.swift; path = DepthSignposts.swift; sourceTree = "<group>"; };
		A3FAC7E6A6D97F9DB462C939 /* DepthError.swift */ = {isa = PBXFileReference; lastKnownFileType = sourcecode.swift; path = DepthError.swift; sourceTree = "<group>"; };
		A50B9DB06DE3CBD6B5F61C84 /* AppEventsTests.swift */ = {isa = PBXFileReference; lastKnownFileType = sourcecode.swift; path = AppEventsTests.swift; sourceTree = "<group>"; };
		A7F3CD595D63F3FD0998CD65 /* AuthFlowViewModel.swift */ = {isa = PBXFileReference; lastKnownFileType = sourcecode.swift; path = AuthFlowViewModel.swift; sourceTree = "<group>"; };
		A908CA33DBCD1775825E5B8D /* DepthTests.xctest */ = {isa = PBXFileReference; includeInIndex = 0; lastKnownFileType = wrapper.cfbundle; path = DepthTests.xctest; sourceTree = BUILT_PRODUCTS_DIR; };
		AB35D08E30FEA6E565452307 /* .gitkeep */ = {isa = PBXFileReference; path = .gitkeep; sourceTree = "<group>"; };
		AB3BA3372BC4904E43F19F9A /* ReadableText.swift */ = {isa = PBXFileReference; lastKnownFileType = sourcecode.swift; path = ReadableText.swift; sourceTree = "<group>"; };
		AD908EA6E702771824EF1659 /* ScheduleMapper.swift */ = {isa = PBXFileReference; lastKnownFileType = sourcecode.swift; path = ScheduleMapper.swift; sourceTree = "<group>"; };
		ADAF14C6ADEF3A0B809897F9 /* CachingDepthRepositoryTests.swift */ = {isa = PBXFileReference; lastKnownFileType = sourcecode.swift; path = CachingDepthRepositoryTests.swift; sourceTree = "<group>"; };
		AE2CDFAE59D2F55DFD495B79 /* .gitkeep */ = {isa = PBXFileReference; path = .gitkeep; sourceTree = "<group>"; };
		AFE9E3629D2A8EF20465A2F7 /* AuthUITests.swift */ = {isa = PBXFileReference; lastKnownFileType = sourcecode.swift; path = AuthUITests.swift; sourceTree = "<group>"; };
		B14888EF10F7F9A82139F0BD /* DepthChartFieldView.swift */ = {isa = PBXFileReference; lastKnownFileType = sourcecode.swift; path = DepthChartFieldView.swift; sourceTree = "<group>"; };
		B6AEFA01C7AE1138FA0B9741 /* Release.xcconfig */ = {isa = PBXFileReference; lastKnownFileType = text.xcconfig; path = Release.xcconfig; sourceTree = "<group>"; };
		B8FF910E933BD5EBFA34FABB /* TeamListView.swift */ = {isa = PBXFileReference; lastKnownFileType = sourcecode.swift; path = TeamListView.swift; sourceTree = "<group>"; };
		BBA198C4CAB3B2E7EFB862E6 /* TeamListViewModel.swift */ = {isa = PBXFileReference; lastKnownFileType = sourcecode.swift; path = TeamListViewModel.swift; sourceTree = "<group>"; };
		BC02FC1D8BC116C2D077870D /* SettingsView.swift */ = {isa = PBXFileReference; lastKnownFileType = sourcecode.swift; path = SettingsView.swift; sourceTree = "<group>"; };
		BD58C5053B074511EA4E2608 /* CachedSnapshotModels.swift */ = {isa = PBXFileReference; lastKnownFileType = sourcecode.swift; path = CachedSnapshotModels.swift; sourceTree = "<group>"; };
		BE03AF4D1E15ED94B758ADBE /* TeamSchedule.swift */ = {isa = PBXFileReference; lastKnownFileType = sourcecode.swift; path = TeamSchedule.swift; sourceTree = "<group>"; };
		BE10A985ED752B98C685C839 /* PlayerSeasonStats.swift */ = {isa = PBXFileReference; lastKnownFileType = sourcecode.swift; path = PlayerSeasonStats.swift; sourceTree = "<group>"; };
		C62ABB8FA352722CEF133910 /* FormationsParityTests.swift */ = {isa = PBXFileReference; lastKnownFileType = sourcecode.swift; path = FormationsParityTests.swift; sourceTree = "<group>"; };
		C639766327FBE3B5E14D722F /* PlayerDetailView.swift */ = {isa = PBXFileReference; lastKnownFileType = sourcecode.swift; path = PlayerDetailView.swift; sourceTree = "<group>"; };
		C97FD1B3B972D4063D8A72A2 /* DepthAuthService.swift */ = {isa = PBXFileReference; lastKnownFileType = sourcecode.swift; path = DepthAuthService.swift; sourceTree = "<group>"; };
		D250B90FB2B6E6C1379C9B01 /* HistoryFeatureTests.swift */ = {isa = PBXFileReference; lastKnownFileType = sourcecode.swift; path = HistoryFeatureTests.swift; sourceTree = "<group>"; };
		D4B86644C1AB56B9F8C429F7 /* HistoricalRosterMapper.swift */ = {isa = PBXFileReference; lastKnownFileType = sourcecode.swift; path = HistoricalRosterMapper.swift; sourceTree = "<group>"; };
		D8FC6EE7ED8FF20B422D809B /* ScheduleViewModel.swift */ = {isa = PBXFileReference; lastKnownFileType = sourcecode.swift; path = ScheduleViewModel.swift; sourceTree = "<group>"; };
		E1198A75270838E0A7F45ABE /* UserPreferences.swift */ = {isa = PBXFileReference; lastKnownFileType = sourcecode.swift; path = UserPreferences.swift; sourceTree = "<group>"; };
		E147E349DAED0C3DFF5A965C /* ShareUITests.swift */ = {isa = PBXFileReference; lastKnownFileType = sourcecode.swift; path = ShareUITests.swift; sourceTree = "<group>"; };
		E235B4DBA71FCAE9FC954FF4 /* AuthSessionStore.swift */ = {isa = PBXFileReference; lastKnownFileType = sourcecode.swift; path = AuthSessionStore.swift; sourceTree = "<group>"; };
		E2B86BB6DD9B066ECA8E654F /* SettingsAboutAndTimestampTests.swift */ = {isa = PBXFileReference; lastKnownFileType = sourcecode.swift; path = SettingsAboutAndTimestampTests.swift; sourceTree = "<group>"; };
		E5A218C128DC97B0923883AE /* Depth.app */ = {isa = PBXFileReference; includeInIndex = 0; lastKnownFileType = wrapper.application; path = Depth.app; sourceTree = BUILT_PRODUCTS_DIR; };
		E636B964C5DE055FDAD2CB44 /* AppEventsRecorder.swift */ = {isa = PBXFileReference; lastKnownFileType = sourcecode.swift; path = AppEventsRecorder.swift; sourceTree = "<group>"; };
		E67531979ED38F349577206E /* AuthAndSettingsTests.swift */ = {isa = PBXFileReference; lastKnownFileType = sourcecode.swift; path = AuthAndSettingsTests.swift; sourceTree = "<group>"; };
		E6CB4D73E208BE9903C44E15 /* ContentView.swift */ = {isa = PBXFileReference; lastKnownFileType = sourcecode.swift; path = ContentView.swift; sourceTree = "<group>"; };
		ED8C07254AA1A7D5B8F4DB53 /* TeamDetailViewModel.swift */ = {isa = PBXFileReference; lastKnownFileType = sourcecode.swift; path = TeamDetailViewModel.swift; sourceTree = "<group>"; };
		F629F1E1AD1252D01CF8F030 /* PerformanceMetricsTests.swift */ = {isa = PBXFileReference; lastKnownFileType = sourcecode.swift; path = PerformanceMetricsTests.swift; sourceTree = "<group>"; };
		F9152627F4CAC783C2C1E5E6 /* AccountDeletionViewModel.swift */ = {isa = PBXFileReference; lastKnownFileType = sourcecode.swift; path = AccountDeletionViewModel.swift; sourceTree = "<group>"; };
		FCDC4EF2FDB8D9CC070628C2 /* Player.swift */ = {isa = PBXFileReference; lastKnownFileType = sourcecode.swift; path = Player.swift; sourceTree = "<group>"; };
		FCEB2197DF04D84335401768 /* DepthEnvironment.swift */ = {isa = PBXFileReference; lastKnownFileType = sourcecode.swift; path = DepthEnvironment.swift; sourceTree = "<group>"; };
/* End PBXFileReference section */

/* Begin PBXFrameworksBuildPhase section */
		8E39931D20D873ED816E523C /* Frameworks */ = {
			isa = PBXFrameworksBuildPhase;
			buildActionMask = 2147483647;
			files = (
				50BB531E17CF38D6FDF1C71D /* Supabase in Frameworks */,
			);
			runOnlyForDeploymentPostprocessing = 0;
		};
		C1738E9097E1421A75869653 /* Frameworks */ = {
			isa = PBXFrameworksBuildPhase;
			buildActionMask = 2147483647;
			files = (
				BA3E87A82A1E0D1528ECF9D5 /* Supabase in Frameworks */,
			);
			runOnlyForDeploymentPostprocessing = 0;
		};
/* End PBXFrameworksBuildPhase section */

/* Begin PBXGroup section */
		05C9346E403C44268E84DA40 /* Share */ = {
			isa = PBXGroup;
			children = (
				922288D41A6979441CB8E2EF /* DepthChartShareButton.swift */,
				2A8697D4C577F9758ACBA23D /* ShareCardView.swift */,
			);
			path = Share;
			sourceTree = "<group>";
		};
		222EFE28016F85EE3566E3F1 /* Features */ = {
			isa = PBXGroup;
			children = (
				3FC1C621C3B3BC1D3F14BEF1 /* Auth */,
				D822EBFE1A2A936B633F257B /* History */,
				CB261C562DD1AE80756810D1 /* Schedule */,
				8F7A4807540E2189303A995B /* Settings */,
				05C9346E403C44268E84DA40 /* Share */,
				6149DF990977A37709D927F2 /* TeamDetail */,
				E4D07C3AE82632AA5B701036 /* Teams */,
			);
			path = Features;
			sourceTree = "<group>";
		};
		2E106AA613F29EF584520F0F /* Domain */ = {
			isa = PBXGroup;
			children = (
				AB35D08E30FEA6E565452307 /* .gitkeep */,
				025761971C890C088DEB466C /* AppConfig.swift */,
				3B89B6B59045A4D78F932026 /* FeaturedStarters.swift */,
				12541806712112F37DAC99FC /* Formations.swift */,
				541B596A222BBAA528EB2458 /* FormationSlot.swift */,
				FCDC4EF2FDB8D9CC070628C2 /* Player.swift */,
				BE10A985ED752B98C685C839 /* PlayerSeasonStats.swift */,
				9F022703396305729D075AA5 /* Position.swift */,
				AB3BA3372BC4904E43F19F9A /* ReadableText.swift */,
				3757D55E58A34FC37F1E6C19 /* Roster.swift */,
				48FA4E18037077277DE72192 /* Team.swift */,
				BE03AF4D1E15ED94B758ADBE /* TeamSchedule.swift */,
			);
			path = Domain;
			sourceTree = "<group>";
		};
		3FC1C621C3B3BC1D3F14BEF1 /* Auth */ = {
			isa = PBXGroup;
			children = (
				A7F3CD595D63F3FD0998CD65 /* AuthFlowViewModel.swift */,
				E235B4DBA71FCAE9FC954FF4 /* AuthSessionStore.swift */,
				12A1C43C94C87299E927B13F /* AuthSheet.swift */,
				C97FD1B3B972D4063D8A72A2 /* DepthAuthService.swift */,
			);
			path = Auth;
			sourceTree = "<group>";
		};
		6149DF990977A37709D927F2 /* TeamDetail */ = {
			isa = PBXGroup;
			children = (
				B14888EF10F7F9A82139F0BD /* DepthChartFieldView.swift */,
				C639766327FBE3B5E14D722F /* PlayerDetailView.swift */,
				42A711DE2216F626464157F5 /* PlayerProfileViewModel.swift */,
				16777E464D29CE02F612C8FD /* TeamDetailView.swift */,
				ED8C07254AA1A7D5B8F4DB53 /* TeamDetailViewModel.swift */,
			);
			path = TeamDetail;
			sourceTree = "<group>";
		};
		64C07E06AA68A7BC0BA99F56 /* xcconfig */ = {
			isa = PBXGroup;
			children = (
				7518E7BCF106B235BF6CB349 /* Debug.xcconfig */,
				B6AEFA01C7AE1138FA0B9741 /* Release.xcconfig */,
				88314A701F47D93C3F85CFC9 /* Staging.xcconfig */,
			);
			path = xcconfig;
			sourceTree = "<group>";
		};
		6589916CE9454AE5B7BC21C9 /* Data */ = {
			isa = PBXGroup;
			children = (
				BD58C5053B074511EA4E2608 /* CachedSnapshotModels.swift */,
				A0DE3824F1EEDE104DC7FDFB /* CachedSnapshotStore.swift */,
				4F264CCAAD3DD2BD01CFF1D9 /* CachingDepthRepository.swift */,
				A3FAC7E6A6D97F9DB462C939 /* DepthError.swift */,
				47FCC4475C04D0057618A6FE /* DepthRepository.swift */,
				1121908B720F13534ED4C3EA /* HistoricalRosterDTO.swift */,
				D4B86644C1AB56B9F8C429F7 /* HistoricalRosterMapper.swift */,
				67F2F20D10A0081AA2EF11B8 /* ScheduleDTO.swift */,
				AD908EA6E702771824EF1659 /* ScheduleMapper.swift */,
				324A96001AEB67B20E09794B /* SupabaseDepthRepository.swift */,
				7C4D96EE256B7056FA88238F /* TeamSnapshotDTO.swift */,
				30A33C79C70F2F28FB91F680 /* TeamSnapshotMapper.swift */,
				E1198A75270838E0A7F45ABE /* UserPreferences.swift */,
			);
			path = Data;
			sourceTree = "<group>";
		};
		77DEE2A0C556DEDB6B3DD14B /* DepthUITests */ = {
			isa = PBXGroup;
			children = (
				69C97D21FFB3852484D4E4F2 /* AppStoreScreenshotsUITests.swift */,
				AFE9E3629D2A8EF20465A2F7 /* AuthUITests.swift */,
				1134BC81FF92C3AF1A114845 /* DepthUITests.swift */,
				4C20C08065BC045F4A9C3C2D /* PerformanceUITests.swift */,
				E147E349DAED0C3DFF5A965C /* ShareUITests.swift */,
			);
			path = DepthUITests;
			sourceTree = "<group>";
		};
		8F7A4807540E2189303A995B /* Settings */ = {
			isa = PBXGroup;
			children = (
				750C8A0A5BB67EDAFD2A1A97 /* AccountDeletionSheet.swift */,
				F9152627F4CAC783C2C1E5E6 /* AccountDeletionViewModel.swift */,
				718497F1FE3079352CB07880 /* DepthOverrideService.swift */,
				2825FB9CFC808C8C627FA025 /* OverrideEditorSheet.swift */,
				51E315FD7379710252D46B96 /* OverrideEditorViewModel.swift */,
				BC02FC1D8BC116C2D077870D /* SettingsView.swift */,
			);
			path = Settings;
			sourceTree = "<group>";
		};
		931B8730753D68C7B0CEF320 /* DepthTests */ = {
			isa = PBXGroup;
			children = (
				A50B9DB06DE3CBD6B5F61C84 /* AppEventsTests.swift */,
				E67531979ED38F349577206E /* AuthAndSettingsTests.swift */,
				ADAF14C6ADEF3A0B809897F9 /* CachingDepthRepositoryTests.swift */,
				7971C7A65ECC4B94913325CD /* DepthTests.swift */,
				29F97862C18E5EAD7104430A /* FixtureLoading.swift */,
				C62ABB8FA352722CEF133910 /* FormationsParityTests.swift */,
				D250B90FB2B6E6C1379C9B01 /* HistoryFeatureTests.swift */,
				78EB3744AA605C27F09EC8EB /* NativeAuthIntegrationTests.swift */,
				F629F1E1AD1252D01CF8F030 /* PerformanceMetricsTests.swift */,
				5E7327B7FE220C00C465A0C5 /* PlayerProfileTests.swift */,
				35C2DE91B6A232290671FD77 /* RecordingAppEventsRecorder.swift */,
				3C89B84763FF4CDE45B5A7D9 /* ScheduleFeatureTests.swift */,
				E2B86BB6DD9B066ECA8E654F /* SettingsAboutAndTimestampTests.swift */,
				32CF7D3E3A42BD02111EB0D6 /* ShareCardContentTests.swift */,
				6552F9CA65DF43159FA618D0 /* SupabaseRLSIntegrationTests.swift */,
				46B2552D4A053BA192766213 /* TeamSnapshotMapperTests.swift */,
			);
			path = DepthTests;
			sourceTree = "<group>";
		};
		B632835A3A1AFD1727C369B7 /* Depth */ = {
			isa = PBXGroup;
			children = (
				4163276566B599870A6F754E /* Assets.xcassets */,
				C33ED319000E90FD1A1993FB /* App */,
				6589916CE9454AE5B7BC21C9 /* Data */,
				2E106AA613F29EF584520F0F /* Domain */,
				222EFE28016F85EE3566E3F1 /* Features */,
				B76C3DD40F523FA2389D3308 /* Support */,
			);
			path = Depth;
			sourceTree = "<group>";
		};
		B76C3DD40F523FA2389D3308 /* Support */ = {
			isa = PBXGroup;
			children = (
				AE2CDFAE59D2F55DFD495B79 /* .gitkeep */,
				50938E38F00E79484F436B49 /* AppBuildInfo.swift */,
				E636B964C5DE055FDAD2CB44 /* AppEventsRecorder.swift */,
				8B19D86049171F706874AFF7 /* DataTimestampFormatting.swift */,
				FCEB2197DF04D84335401768 /* DepthEnvironment.swift */,
				A0F9DA82B880B33391B6E216 /* DepthSignposts.swift */,
			);
			path = Support;
			sourceTree = "<group>";
		};
		C33ED319000E90FD1A1993FB /* App */ = {
			isa = PBXGroup;
			children = (
				90067E10E437365481EFD0E3 /* BlockingUpdateView.swift */,
				E6CB4D73E208BE9903C44E15 /* ContentView.swift */,
				223FADA68FC13AD96EF5FB10 /* DepthApp.swift */,
				3EF23A4738905D53A9740E41 /* UpdateGateViewModel.swift */,
			);
			path = App;
			sourceTree = "<group>";
		};
		CA2006B677B94AD903C0B37B = {
			isa = PBXGroup;
			children = (
				B632835A3A1AFD1727C369B7 /* Depth */,
				931B8730753D68C7B0CEF320 /* DepthTests */,
				77DEE2A0C556DEDB6B3DD14B /* DepthUITests */,
				64C07E06AA68A7BC0BA99F56 /* xcconfig */,
				D50C68333AF9B3FCCE8541AC /* Products */,
			);
			sourceTree = "<group>";
		};
		CB261C562DD1AE80756810D1 /* Schedule */ = {
			isa = PBXGroup;
			children = (
				1F8DBF3EB4D70F6DF2E44420 /* ScheduleView.swift */,
				D8FC6EE7ED8FF20B422D809B /* ScheduleViewModel.swift */,
			);
			path = Schedule;
			sourceTree = "<group>";
		};
		D50C68333AF9B3FCCE8541AC /* Products */ = {
			isa = PBXGroup;
			children = (
				E5A218C128DC97B0923883AE /* Depth.app */,
				A908CA33DBCD1775825E5B8D /* DepthTests.xctest */,
				4E08CA3C995029A6BAC0AB0E /* DepthUITests.xctest */,
			);
			name = Products;
			sourceTree = "<group>";
		};
		D822EBFE1A2A936B633F257B /* History */ = {
			isa = PBXGroup;
			children = (
				64ECA11ED67DB4F54B0E5CCF /* HistorySeasonSheet.swift */,
				902F5629F8D437E89953B681 /* HistoryViewModel.swift */,
			);
			path = History;
			sourceTree = "<group>";
		};
		E4D07C3AE82632AA5B701036 /* Teams */ = {
			isa = PBXGroup;
			children = (
				B8FF910E933BD5EBFA34FABB /* TeamListView.swift */,
				BBA198C4CAB3B2E7EFB862E6 /* TeamListViewModel.swift */,
			);
			path = Teams;
			sourceTree = "<group>";
		};
/* End PBXGroup section */

/* Begin PBXNativeTarget section */
		3B434A68ECA5BC763E8833C0 /* DepthUITests */ = {
			isa = PBXNativeTarget;
			buildConfigurationList = 49A3258520657839091CEE80 /* Build configuration list for PBXNativeTarget "DepthUITests" */;
			buildPhases = (
				E9D837ADAF277F160EC7D087 /* Sources */,
			);
			buildRules = (
			);
			dependencies = (
				E6C9C00913FE804B1C38EF7F /* PBXTargetDependency */,
			);
			name = DepthUITests;
			packageProductDependencies = (
			);
			productName = DepthUITests;
			productReference = 4E08CA3C995029A6BAC0AB0E /* DepthUITests.xctest */;
			productType = "com.apple.product-type.bundle.ui-testing";
		};
		8A7EE9588675E74B9C5AE163 /* DepthTests */ = {
			isa = PBXNativeTarget;
			buildConfigurationList = 2338B96993CC7A78D1E84531 /* Build configuration list for PBXNativeTarget "DepthTests" */;
			buildPhases = (
				5ACA526188BA530E42E7D5DD /* Sources */,
				C1738E9097E1421A75869653 /* Frameworks */,
			);
			buildRules = (
			);
			dependencies = (
				18ED136B55959A27C4E8089B /* PBXTargetDependency */,
			);
			name = DepthTests;
			packageProductDependencies = (
				6BF366F7B2E5A4241AA22D27 /* Supabase */,
			);
			productName = DepthTests;
			productReference = A908CA33DBCD1775825E5B8D /* DepthTests.xctest */;
			productType = "com.apple.product-type.bundle.unit-test";
		};
		BA5E1E94337F893173EEBC0A /* Depth */ = {
			isa = PBXNativeTarget;
			buildConfigurationList = ECB84DB7D943BD46BEBD9DC7 /* Build configuration list for PBXNativeTarget "Depth" */;
			buildPhases = (
				8EE7A32A534DF9CA003AB3C0 /* Sources */,
				0F0B279054F81F6D49419F4F /* Resources */,
				8E39931D20D873ED816E523C /* Frameworks */,
			);
			buildRules = (
			);
			dependencies = (
			);
			name = Depth;
			packageProductDependencies = (
				0065E218A34DF99B5279CD03 /* Supabase */,
			);
			productName = Depth;
			productReference = E5A218C128DC97B0923883AE /* Depth.app */;
			productType = "com.apple.product-type.application";
		};
/* End PBXNativeTarget section */

/* Begin PBXProject section */
		5027267F4AF2FB5351DCE99E /* Project object */ = {
			isa = PBXProject;
			attributes = {
				BuildIndependentTargetsInParallel = YES;
				LastUpgradeCheck = 1430;
				TargetAttributes = {
					3B434A68ECA5BC763E8833C0 = {
						DevelopmentTeam = 63JZBB528Q;
						ProvisioningStyle = Automatic;
						TestTargetID = BA5E1E94337F893173EEBC0A;
					};
					8A7EE9588675E74B9C5AE163 = {
						DevelopmentTeam = 63JZBB528Q;
						ProvisioningStyle = Automatic;
					};
					BA5E1E94337F893173EEBC0A = {
						DevelopmentTeam = 63JZBB528Q;
						ProvisioningStyle = Automatic;
					};
				};
			};
			buildConfigurationList = 0B744D1A97E84471D87C5B02 /* Build configuration list for PBXProject "Depth" */;
			developmentRegion = en;
			hasScannedForEncodings = 0;
			knownRegions = (
				Base,
				en,
			);
			mainGroup = CA2006B677B94AD903C0B37B;
			minimizedProjectReferenceProxies = 1;
			packageReferences = (
				0AF7C9B956977D5B6B267125 /* XCRemoteSwiftPackageReference "supabase-swift" */,
			);
			preferredProjectObjectVersion = 77;
			productRefGroup = D50C68333AF9B3FCCE8541AC /* Products */;
			projectDirPath = "";
			projectRoot = "";
			targets = (
				BA5E1E94337F893173EEBC0A /* Depth */,
				8A7EE9588675E74B9C5AE163 /* DepthTests */,
				3B434A68ECA5BC763E8833C0 /* DepthUITests */,
			);
		};
/* End PBXProject section */

/* Begin PBXResourcesBuildPhase section */
		0F0B279054F81F6D49419F4F /* Resources */ = {
			isa = PBXResourcesBuildPhase;
			buildActionMask = 2147483647;
			files = (
				28BE2E5939AE5607BB4CC133 /* Assets.xcassets in Resources */,
			);
			runOnlyForDeploymentPostprocessing = 0;
		};
/* End PBXResourcesBuildPhase section */

/* Begin PBXSourcesBuildPhase section */
		5ACA526188BA530E42E7D5DD /* Sources */ = {
			isa = PBXSourcesBuildPhase;
			buildActionMask = 2147483647;
			files = (
				899F1EE1BC16BAD58D80C106 /* AppEventsTests.swift in Sources */,
				5DF288F4FE20EF2FEE2C3358 /* AuthAndSettingsTests.swift in Sources */,
				A8BC97475680BFF262BD9ACB /* CachingDepthRepositoryTests.swift in Sources */,
				A33FB64445E73B74A1AA7011 /* DepthTests.swift in Sources */,
				88BE6ACCCEDA76C1CBB97025 /* FixtureLoading.swift in Sources */,
				7C5132BAE9E0A0D27086FBD3 /* FormationsParityTests.swift in Sources */,
				4E18C9EB0333BA8628859332 /* HistoryFeatureTests.swift in Sources */,
				4FFF76CE7A865150A0929EF3 /* NativeAuthIntegrationTests.swift in Sources */,
				61C6B9BB1A508019064A6E8C /* PerformanceMetricsTests.swift in Sources */,
				1710638BC3FA5FAD1EB88880 /* PlayerProfileTests.swift in Sources */,
				79CBA961DD4279FF61E930E1 /* RecordingAppEventsRecorder.swift in Sources */,
				028DB6758D8847C5EBD21D3C /* ScheduleFeatureTests.swift in Sources */,
				9F60A5FF883ED001520157AC /* SettingsAboutAndTimestampTests.swift in Sources */,
				BCA0AEE81DE806BB93DBCC24 /* ShareCardContentTests.swift in Sources */,
				A71200F26409705F92CA14E8 /* SupabaseRLSIntegrationTests.swift in Sources */,
				549264E5E1E69E023D91CD6A /* TeamSnapshotMapperTests.swift in Sources */,
			);
			runOnlyForDeploymentPostprocessing = 0;
		};
		8EE7A32A534DF9CA003AB3C0 /* Sources */ = {
			isa = PBXSourcesBuildPhase;
			buildActionMask = 2147483647;
			files = (
				F73EBF610767D6026A6A9852 /* AccountDeletionSheet.swift in Sources */,
				BDC16651BCF7C07924F4DEC1 /* AccountDeletionViewModel.swift in Sources */,
				D9183133755E8C0F9EE05612 /* AppBuildInfo.swift in Sources */,
				DC95DB2C72B7E87E9FE73999 /* AppConfig.swift in Sources */,
				B7EC527E571B84DCDB819672 /* AppEventsRecorder.swift in Sources */,
				5ED6D7C11A5A64156BC6A2DF /* AuthFlowViewModel.swift in Sources */,
				C8CCEA1A7BCF1B48488ABFC3 /* AuthSessionStore.swift in Sources */,
				362F1B4B478C5684328409CA /* AuthSheet.swift in Sources */,
				BED59061572203ADA429575F /* BlockingUpdateView.swift in Sources */,
				0CC455D8CA174BBB060DE8ED /* CachedSnapshotModels.swift in Sources */,
				6885D42C0072D1BB6A3C8A0E /* CachedSnapshotStore.swift in Sources */,
				B04373D05283099BC265E21C /* CachingDepthRepository.swift in Sources */,
				8F38AC4DC5380D3CD035AD20 /* ContentView.swift in Sources */,
				E867C4E09655C5AF25569C6B /* DataTimestampFormatting.swift in Sources */,
				AC65C1250448AD4BFD7E7919 /* DepthApp.swift in Sources */,
				C11893E533C74A67E2CEA185 /* DepthAuthService.swift in Sources */,
				1EAD5ECB38956C0395E81458 /* DepthChartFieldView.swift in Sources */,
				64BB6EC2B752CD639C86321D /* DepthChartShareButton.swift in Sources */,
				0F6FD5C287B8974874D6F67E /* DepthEnvironment.swift in Sources */,
				72F2A4F9ED2F188C0493D2FA /* DepthError.swift in Sources */,
				690F6FC9B14F8370801A8F6B /* DepthOverrideService.swift in Sources */,
				395710372FD0077DB2AF33D5 /* DepthRepository.swift in Sources */,
				BC786357DAB17986863FF90E /* DepthSignposts.swift in Sources */,
				3DF5F85D81A69F60999825AB /* FeaturedStarters.swift in Sources */,
				8EEDDBFFF4D3D9EE186A3638 /* FormationSlot.swift in Sources */,
				A5496CFB188C0EC7DE985548 /* Formations.swift in Sources */,
				72BB407EBD75889F652AA8F2 /* HistoricalRosterDTO.swift in Sources */,
				EA23E4310B915968F4523778 /* HistoricalRosterMapper.swift in Sources */,
				6906FAA57C5B9DC926729482 /* HistorySeasonSheet.swift in Sources */,
				EFF8B47F7B414593005AA116 /* HistoryViewModel.swift in Sources */,
				C4492067A8E11B1C4E0FB199 /* OverrideEditorSheet.swift in Sources */,
				91D7BD00C341BC0A1EEE88E8 /* OverrideEditorViewModel.swift in Sources */,
				CF41F37C9326B8476CE36B8D /* Player.swift in Sources */,
				164B2254852E6C1428CD8181 /* PlayerDetailView.swift in Sources */,
				2B8FA98AF2CFBDE2514DF50E /* PlayerProfileViewModel.swift in Sources */,
				37AE06330C1CC70E67900031 /* PlayerSeasonStats.swift in Sources */,
				DEA6657C52F2D9ACB38F070D /* Position.swift in Sources */,
				4C9A1C617022D0DB3F8125F1 /* ReadableText.swift in Sources */,
				F9B69E26A9D64D62D14A4349 /* Roster.swift in Sources */,
				B333D97107732F3B32800053 /* ScheduleDTO.swift in Sources */,
				7DBE8842FD1DEC8D017AABB1 /* ScheduleMapper.swift in Sources */,
				6F9514F25DCF231B32CB5E66 /* ScheduleView.swift in Sources */,
				16168662B8CF4E7B450CA34B /* ScheduleViewModel.swift in Sources */,
				BF92CF2CE4CF9FE16C7E3CE6 /* SettingsView.swift in Sources */,
				603210A77A4D480A09C2F034 /* ShareCardView.swift in Sources */,
				5AB8FFDF7A29877D1E98EC94 /* SupabaseDepthRepository.swift in Sources */,
				A76DE210A4F5A111AEA3C45C /* Team.swift in Sources */,
				FCB7419B6D19F100EBF99D11 /* TeamDetailView.swift in Sources */,
				D028D091F525E2DDCA7ED6CD /* TeamDetailViewModel.swift in Sources */,
				FF338B862BDF1825AA91B360 /* TeamListView.swift in Sources */,
				96EE9CC19DC42FC68DEB9F90 /* TeamListViewModel.swift in Sources */,
				66F6BBAF1B3D78957CB02C09 /* TeamSchedule.swift in Sources */,
				F24DC74F4E029AF45C2E80B7 /* TeamSnapshotDTO.swift in Sources */,
				D448FF5EA6F5184AD7517AA3 /* TeamSnapshotMapper.swift in Sources */,
				2D9BA1094A1074B3FF3A9B9A /* UpdateGateViewModel.swift in Sources */,
				B3C56DFCE68E85A8095083C5 /* UserPreferences.swift in Sources */,
			);
			runOnlyForDeploymentPostprocessing = 0;
		};
		E9D837ADAF277F160EC7D087 /* Sources */ = {
			isa = PBXSourcesBuildPhase;
			buildActionMask = 2147483647;
			files = (
				C34BDFEA64ECB80BA1EE640C /* AppStoreScreenshotsUITests.swift in Sources */,
				A1E1EFE3A8781B7BA2758DB4 /* AuthUITests.swift in Sources */,
				5B9538595A885E3D730A7A12 /* DepthUITests.swift in Sources */,
				CB4FD1096A9B377BFD07C517 /* PerformanceUITests.swift in Sources */,
				D693C9DD2EB4D028D38891D4 /* ShareUITests.swift in Sources */,
			);
			runOnlyForDeploymentPostprocessing = 0;
		};
/* End PBXSourcesBuildPhase section */

/* Begin PBXTargetDependency section */
		18ED136B55959A27C4E8089B /* PBXTargetDependency */ = {
			isa = PBXTargetDependency;
			target = BA5E1E94337F893173EEBC0A /* Depth */;
			targetProxy = AC372591DA78777E025A736F /* PBXContainerItemProxy */;
		};
		E6C9C00913FE804B1C38EF7F /* PBXTargetDependency */ = {
			isa = PBXTargetDependency;
			target = BA5E1E94337F893173EEBC0A /* Depth */;
			targetProxy = C510B7FAB566C1529BE8061D /* PBXContainerItemProxy */;
		};
/* End PBXTargetDependency section */

/* Begin XCBuildConfiguration section */
		0D99B864C25C493E3BEE4275 /* Debug */ = {
			isa = XCBuildConfiguration;
			baseConfigurationReference = 7518E7BCF106B235BF6CB349 /* Debug.xcconfig */;
			buildSettings = {
				ALWAYS_SEARCH_USER_PATHS = NO;
				CLANG_ANALYZER_NONNULL = YES;
				CLANG_ANALYZER_NUMBER_OBJECT_CONVERSION = YES_AGGRESSIVE;
				CLANG_CXX_LANGUAGE_STANDARD = "gnu++14";
				CLANG_CXX_LIBRARY = "libc++";
				CLANG_ENABLE_MODULES = YES;
				CLANG_ENABLE_OBJC_ARC = YES;
				CLANG_ENABLE_OBJC_WEAK = YES;
				CLANG_WARN_BLOCK_CAPTURE_AUTORELEASING = YES;
				CLANG_WARN_BOOL_CONVERSION = YES;
				CLANG_WARN_COMMA = YES;
				CLANG_WARN_CONSTANT_CONVERSION = YES;
				CLANG_WARN_DEPRECATED_OBJC_IMPLEMENTATIONS = YES;
				CLANG_WARN_DIRECT_OBJC_ISA_USAGE = YES_ERROR;
				CLANG_WARN_DOCUMENTATION_COMMENTS = YES;
				CLANG_WARN_EMPTY_BODY = YES;
				CLANG_WARN_ENUM_CONVERSION = YES;
				CLANG_WARN_INFINITE_RECURSION = YES;
				CLANG_WARN_INT_CONVERSION = YES;
				CLANG_WARN_NON_LITERAL_NULL_CONVERSION = YES;
				CLANG_WARN_OBJC_IMPLICIT_RETAIN_SELF = YES;
				CLANG_WARN_OBJC_LITERAL_CONVERSION = YES;
				CLANG_WARN_OBJC_ROOT_CLASS = YES_ERROR;
				CLANG_WARN_QUOTED_INCLUDE_IN_FRAMEWORK_HEADER = YES;
				CLANG_WARN_RANGE_LOOP_ANALYSIS = YES;
				CLANG_WARN_STRICT_PROTOTYPES = YES;
				CLANG_WARN_SUSPICIOUS_MOVE = YES;
				CLANG_WARN_UNGUARDED_AVAILABILITY = YES_AGGRESSIVE;
				CLANG_WARN_UNREACHABLE_CODE = YES;
				CLANG_WARN__DUPLICATE_METHOD_MATCH = YES;
				COPY_PHASE_STRIP = NO;
				DEBUG_INFORMATION_FORMAT = dwarf;
				ENABLE_STRICT_OBJC_MSGSEND = YES;
				ENABLE_TESTABILITY = YES;
				GCC_C_LANGUAGE_STANDARD = gnu11;
				GCC_DYNAMIC_NO_PIC = NO;
				GCC_NO_COMMON_BLOCKS = YES;
				GCC_OPTIMIZATION_LEVEL = 0;
				GCC_PREPROCESSOR_DEFINITIONS = (
					"$(inherited)",
					"DEBUG=1",
				);
				GCC_WARN_64_TO_32_BIT_CONVERSION = YES;
				GCC_WARN_ABOUT_RETURN_TYPE = YES_ERROR;
				GCC_WARN_UNDECLARED_SELECTOR = YES;
				GCC_WARN_UNINITIALIZED_AUTOS = YES_AGGRESSIVE;
				GCC_WARN_UNUSED_FUNCTION = YES;
				GCC_WARN_UNUSED_VARIABLE = YES;
				MTL_ENABLE_DEBUG_INFO = INCLUDE_SOURCE;
				MTL_FAST_MATH = YES;
				ONLY_ACTIVE_ARCH = YES;
				PRODUCT_NAME = "$(TARGET_NAME)";
				SDKROOT = iphoneos;
				SWIFT_ACTIVE_COMPILATION_CONDITIONS = DEBUG;
				SWIFT_OPTIMIZATION_LEVEL = "-Onone";
			};
			name = Debug;
		};
		140801E668A544C626D18A9D /* Release */ = {
			isa = XCBuildConfiguration;
			buildSettings = {
				BUNDLE_LOADER = "$(TEST_HOST)";
				GENERATE_INFOPLIST_FILE = YES;
				LD_RUNPATH_SEARCH_PATHS = (
					"$(inherited)",
					"@executable_path/Frameworks",
					"@loader_path/Frameworks",
				);
				SDKROOT = iphoneos;
				TEST_TARGET_NAME = Depth;
			};
			name = Release;
		};
		3412EB4E08C8AED5D2D8A5FE /* Staging */ = {
			isa = XCBuildConfiguration;
			buildSettings = {
				ASSETCATALOG_COMPILER_APPICON_NAME = AppIcon;
				CODE_SIGN_IDENTITY = "iPhone Developer";
				GENERATE_INFOPLIST_FILE = NO;
				INFOPLIST_FILE = Depth/Info.plist;
				LD_RUNPATH_SEARCH_PATHS = (
					"$(inherited)",
					"@executable_path/Frameworks",
				);
				SDKROOT = iphoneos;
			};
			name = Staging;
		};
		3BC087ADFAF8DBC070076F3F /* Release */ = {
			isa = XCBuildConfiguration;
			buildSettings = {
				ASSETCATALOG_COMPILER_APPICON_NAME = AppIcon;
				CODE_SIGN_IDENTITY = "iPhone Developer";
				GENERATE_INFOPLIST_FILE = NO;
				INFOPLIST_FILE = Depth/Info.plist;
				LD_RUNPATH_SEARCH_PATHS = (
					"$(inherited)",
					"@executable_path/Frameworks",
				);
				SDKROOT = iphoneos;
			};
			name = Release;
		};
		4696F544F63AAA74633C54D1 /* Staging */ = {
			isa = XCBuildConfiguration;
			buildSettings = {
				BUNDLE_LOADER = "$(TEST_HOST)";
				GENERATE_INFOPLIST_FILE = YES;
				LD_RUNPATH_SEARCH_PATHS = (
					"$(inherited)",
					"@executable_path/Frameworks",
					"@loader_path/Frameworks",
				);
				SDKROOT = iphoneos;
				TEST_TARGET_NAME = Depth;
			};
			name = Staging;
		};
		6B5F75FE67F0572DD63AD01E /* Release */ = {
			isa = XCBuildConfiguration;
			baseConfigurationReference = B6AEFA01C7AE1138FA0B9741 /* Release.xcconfig */;
			buildSettings = {
				ALWAYS_SEARCH_USER_PATHS = NO;
				CLANG_ANALYZER_NONNULL = YES;
				CLANG_ANALYZER_NUMBER_OBJECT_CONVERSION = YES_AGGRESSIVE;
				CLANG_CXX_LANGUAGE_STANDARD = "gnu++14";
				CLANG_CXX_LIBRARY = "libc++";
				CLANG_ENABLE_MODULES = YES;
				CLANG_ENABLE_OBJC_ARC = YES;
				CLANG_ENABLE_OBJC_WEAK = YES;
				CLANG_WARN_BLOCK_CAPTURE_AUTORELEASING = YES;
				CLANG_WARN_BOOL_CONVERSION = YES;
				CLANG_WARN_COMMA = YES;
				CLANG_WARN_CONSTANT_CONVERSION = YES;
				CLANG_WARN_DEPRECATED_OBJC_IMPLEMENTATIONS = YES;
				CLANG_WARN_DIRECT_OBJC_ISA_USAGE = YES_ERROR;
				CLANG_WARN_DOCUMENTATION_COMMENTS = YES;
				CLANG_WARN_EMPTY_BODY = YES;
				CLANG_WARN_ENUM_CONVERSION = YES;
				CLANG_WARN_INFINITE_RECURSION = YES;
				CLANG_WARN_INT_CONVERSION = YES;
				CLANG_WARN_NON_LITERAL_NULL_CONVERSION = YES;
				CLANG_WARN_OBJC_IMPLICIT_RETAIN_SELF = YES;
				CLANG_WARN_OBJC_LITERAL_CONVERSION = YES;
				CLANG_WARN_OBJC_ROOT_CLASS = YES_ERROR;
				CLANG_WARN_QUOTED_INCLUDE_IN_FRAMEWORK_HEADER = YES;
				CLANG_WARN_RANGE_LOOP_ANALYSIS = YES;
				CLANG_WARN_STRICT_PROTOTYPES = YES;
				CLANG_WARN_SUSPICIOUS_MOVE = YES;
				CLANG_WARN_UNGUARDED_AVAILABILITY = YES_AGGRESSIVE;
				CLANG_WARN_UNREACHABLE_CODE = YES;
				CLANG_WARN__DUPLICATE_METHOD_MATCH = YES;
				COPY_PHASE_STRIP = NO;
				DEBUG_INFORMATION_FORMAT = "dwarf-with-dsym";
				ENABLE_NS_ASSERTIONS = NO;
				ENABLE_STRICT_OBJC_MSGSEND = YES;
				GCC_C_LANGUAGE_STANDARD = gnu11;
				GCC_NO_COMMON_BLOCKS = YES;
				GCC_WARN_64_TO_32_BIT_CONVERSION = YES;
				GCC_WARN_ABOUT_RETURN_TYPE = YES_ERROR;
				GCC_WARN_UNDECLARED_SELECTOR = YES;
				GCC_WARN_UNINITIALIZED_AUTOS = YES_AGGRESSIVE;
				GCC_WARN_UNUSED_FUNCTION = YES;
				GCC_WARN_UNUSED_VARIABLE = YES;
				MTL_ENABLE_DEBUG_INFO = NO;
				MTL_FAST_MATH = YES;
				PRODUCT_NAME = "$(TARGET_NAME)";
				SDKROOT = iphoneos;
				SWIFT_COMPILATION_MODE = wholemodule;
				SWIFT_OPTIMIZATION_LEVEL = "-O";
			};
			name = Release;
		};
		7B490D9EDD31C2889EF21CE8 /* Staging */ = {
			isa = XCBuildConfiguration;
			baseConfigurationReference = 88314A701F47D93C3F85CFC9 /* Staging.xcconfig */;
			buildSettings = {
				ALWAYS_SEARCH_USER_PATHS = NO;
				CLANG_ANALYZER_NONNULL = YES;
				CLANG_ANALYZER_NUMBER_OBJECT_CONVERSION = YES_AGGRESSIVE;
				CLANG_CXX_LANGUAGE_STANDARD = "gnu++14";
				CLANG_CXX_LIBRARY = "libc++";
				CLANG_ENABLE_MODULES = YES;
				CLANG_ENABLE_OBJC_ARC = YES;
				CLANG_ENABLE_OBJC_WEAK = YES;
				CLANG_WARN_BLOCK_CAPTURE_AUTORELEASING = YES;
				CLANG_WARN_BOOL_CONVERSION = YES;
				CLANG_WARN_COMMA = YES;
				CLANG_WARN_CONSTANT_CONVERSION = YES;
				CLANG_WARN_DEPRECATED_OBJC_IMPLEMENTATIONS = YES;
				CLANG_WARN_DIRECT_OBJC_ISA_USAGE = YES_ERROR;
				CLANG_WARN_DOCUMENTATION_COMMENTS = YES;
				CLANG_WARN_EMPTY_BODY = YES;
				CLANG_WARN_ENUM_CONVERSION = YES;
				CLANG_WARN_INFINITE_RECURSION = YES;
				CLANG_WARN_INT_CONVERSION = YES;
				CLANG_WARN_NON_LITERAL_NULL_CONVERSION = YES;
				CLANG_WARN_OBJC_IMPLICIT_RETAIN_SELF = YES;
				CLANG_WARN_OBJC_LITERAL_CONVERSION = YES;
				CLANG_WARN_OBJC_ROOT_CLASS = YES_ERROR;
				CLANG_WARN_QUOTED_INCLUDE_IN_FRAMEWORK_HEADER = YES;
				CLANG_WARN_RANGE_LOOP_ANALYSIS = YES;
				CLANG_WARN_STRICT_PROTOTYPES = YES;
				CLANG_WARN_SUSPICIOUS_MOVE = YES;
				CLANG_WARN_UNGUARDED_AVAILABILITY = YES_AGGRESSIVE;
				CLANG_WARN_UNREACHABLE_CODE = YES;
				CLANG_WARN__DUPLICATE_METHOD_MATCH = YES;
				COPY_PHASE_STRIP = NO;
				DEBUG_INFORMATION_FORMAT = dwarf;
				ENABLE_STRICT_OBJC_MSGSEND = YES;
				ENABLE_TESTABILITY = YES;
				GCC_C_LANGUAGE_STANDARD = gnu11;
				GCC_DYNAMIC_NO_PIC = NO;
				GCC_NO_COMMON_BLOCKS = YES;
				GCC_OPTIMIZATION_LEVEL = 0;
				GCC_PREPROCESSOR_DEFINITIONS = (
					"$(inherited)",
					"DEBUG=1",
				);
				GCC_WARN_64_TO_32_BIT_CONVERSION = YES;
				GCC_WARN_ABOUT_RETURN_TYPE = YES_ERROR;
				GCC_WARN_UNDECLARED_SELECTOR = YES;
				GCC_WARN_UNINITIALIZED_AUTOS = YES_AGGRESSIVE;
				GCC_WARN_UNUSED_FUNCTION = YES;
				GCC_WARN_UNUSED_VARIABLE = YES;
				MTL_ENABLE_DEBUG_INFO = INCLUDE_SOURCE;
				MTL_FAST_MATH = YES;
				ONLY_ACTIVE_ARCH = YES;
				PRODUCT_NAME = "$(TARGET_NAME)";
				SDKROOT = iphoneos;
				SWIFT_ACTIVE_COMPILATION_CONDITIONS = DEBUG;
				SWIFT_OPTIMIZATION_LEVEL = "-Onone";
			};
			name = Staging;
		};
		8284F5018E2B9F1A35036ABA /* Release */ = {
			isa = XCBuildConfiguration;
			buildSettings = {
				BUNDLE_LOADER = "$(TEST_HOST)";
				GENERATE_INFOPLIST_FILE = YES;
				LD_RUNPATH_SEARCH_PATHS = (
					"$(inherited)",
					"@executable_path/Frameworks",
					"@loader_path/Frameworks",
				);
				SDKROOT = iphoneos;
				TEST_HOST = "$(BUILT_PRODUCTS_DIR)/Depth.app/Depth";
			};
			name = Release;
		};
		BAFA2835EB5EBEF89DE320FC /* Debug */ = {
			isa = XCBuildConfiguration;
			buildSettings = {
				BUNDLE_LOADER = "$(TEST_HOST)";
				GENERATE_INFOPLIST_FILE = YES;
				LD_RUNPATH_SEARCH_PATHS = (
					"$(inherited)",
					"@executable_path/Frameworks",
					"@loader_path/Frameworks",
				);
				SDKROOT = iphoneos;
				TEST_HOST = "$(BUILT_PRODUCTS_DIR)/Depth.app/Depth";
			};
			name = Debug;
		};
		D1DDEC12ACA97EB398F8137A /* Staging */ = {
			isa = XCBuildConfiguration;
			buildSettings = {
				BUNDLE_LOADER = "$(TEST_HOST)";
				GENERATE_INFOPLIST_FILE = YES;
				LD_RUNPATH_SEARCH_PATHS = (
					"$(inherited)",
					"@executable_path/Frameworks",
					"@loader_path/Frameworks",
				);
				SDKROOT = iphoneos;
				TEST_HOST = "$(BUILT_PRODUCTS_DIR)/Depth.app/Depth";
			};
			name = Staging;
		};
		F8DC7DAC461AC78FF59C8487 /* Debug */ = {
			isa = XCBuildConfiguration;
			buildSettings = {
				ASSETCATALOG_COMPILER_APPICON_NAME = AppIcon;
				CODE_SIGN_IDENTITY = "iPhone Developer";
				GENERATE_INFOPLIST_FILE = NO;
				INFOPLIST_FILE = Depth/Info.plist;
				LD_RUNPATH_SEARCH_PATHS = (
					"$(inherited)",
					"@executable_path/Frameworks",
				);
				SDKROOT = iphoneos;
			};
			name = Debug;
		};
		FD327DDC7554D61FDC05E831 /* Debug */ = {
			isa = XCBuildConfiguration;
			buildSettings = {
				BUNDLE_LOADER = "$(TEST_HOST)";
				GENERATE_INFOPLIST_FILE = YES;
				LD_RUNPATH_SEARCH_PATHS = (
					"$(inherited)",
					"@executable_path/Frameworks",
					"@loader_path/Frameworks",
				);
				SDKROOT = iphoneos;
				TEST_TARGET_NAME = Depth;
			};
			name = Debug;
		};
/* End XCBuildConfiguration section */

/* Begin XCConfigurationList section */
		0B744D1A97E84471D87C5B02 /* Build configuration list for PBXProject "Depth" */ = {
			isa = XCConfigurationList;
			buildConfigurations = (
				0D99B864C25C493E3BEE4275 /* Debug */,
				6B5F75FE67F0572DD63AD01E /* Release */,
				7B490D9EDD31C2889EF21CE8 /* Staging */,
			);
			defaultConfigurationIsVisible = 0;
			defaultConfigurationName = Debug;
		};
		2338B96993CC7A78D1E84531 /* Build configuration list for PBXNativeTarget "DepthTests" */ = {
			isa = XCConfigurationList;
			buildConfigurations = (
				BAFA2835EB5EBEF89DE320FC /* Debug */,
				8284F5018E2B9F1A35036ABA /* Release */,
				D1DDEC12ACA97EB398F8137A /* Staging */,
			);
			defaultConfigurationIsVisible = 0;
			defaultConfigurationName = Debug;
		};
		49A3258520657839091CEE80 /* Build configuration list for PBXNativeTarget "DepthUITests" */ = {
			isa = XCConfigurationList;
			buildConfigurations = (
				FD327DDC7554D61FDC05E831 /* Debug */,
				140801E668A544C626D18A9D /* Release */,
				4696F544F63AAA74633C54D1 /* Staging */,
			);
			defaultConfigurationIsVisible = 0;
			defaultConfigurationName = Debug;
		};
		ECB84DB7D943BD46BEBD9DC7 /* Build configuration list for PBXNativeTarget "Depth" */ = {
			isa = XCConfigurationList;
			buildConfigurations = (
				F8DC7DAC461AC78FF59C8487 /* Debug */,
				3BC087ADFAF8DBC070076F3F /* Release */,
				3412EB4E08C8AED5D2D8A5FE /* Staging */,
			);
			defaultConfigurationIsVisible = 0;
			defaultConfigurationName = Debug;
		};
/* End XCConfigurationList section */

/* Begin XCRemoteSwiftPackageReference section */
		0AF7C9B956977D5B6B267125 /* XCRemoteSwiftPackageReference "supabase-swift" */ = {
			isa = XCRemoteSwiftPackageReference;
			repositoryURL = "https://github.com/supabase/supabase-swift";
			requirement = {
				kind = exactVersion;
				version = 2.55.1;
			};
		};
/* End XCRemoteSwiftPackageReference section */

/* Begin XCSwiftPackageProductDependency section */
		0065E218A34DF99B5279CD03 /* Supabase */ = {
			isa = XCSwiftPackageProductDependency;
			package = 0AF7C9B956977D5B6B267125 /* XCRemoteSwiftPackageReference "supabase-swift" */;
			productName = Supabase;
		};
		6BF366F7B2E5A4241AA22D27 /* Supabase */ = {
			isa = XCSwiftPackageProductDependency;
			package = 0AF7C9B956977D5B6B267125 /* XCRemoteSwiftPackageReference "supabase-swift" */;
			productName = Supabase;
		};
/* End XCSwiftPackageProductDependency section */
	};
	rootObject = 5027267F4AF2FB5351DCE99E /* Project object */;
}
